{
  "name": "piece-brain-tool-call",
  "version": "0.1.0",
  "lockfileVersion": 3,
  "requires": true,
  "packages": {
    "": {
      "name": "piece-brain-tool-call",
      "version": "0.1.0",
      "dependencies": {
        "@activepieces/pieces-framework": "0.7.42"
      },
      "devDependencies": {
        "@types/node": "18.19.130",
        "typescript": "5.8.3"
      }
    },
    "node_modules/@activepieces/pieces-framework": {
      "version": "0.7.42",
      "integrity": "sha512-EYb6v0mCjWydxBXPpPJ5xFQyKTDSGv1zI9pnClg9MllxnJEcrvbfnYLhOpkwYxMfepj8441xlKGD69dW1siZhA==",
      "dependencies": {
        "@activepieces/shared": "0.10.132",
        "@sinclair/typebox": "0.33.18",
        "deepmerge": "4.3.1",
        "nanoid": "3.3.6",
        "semver": "7.6.0",
        "tslib": "1.14.1"
      }
    },
    "node_modules/@activepieces/shared": {
      "version": "0.10.132",
      "integrity": "sha512-4WFoYrL4O5mDJ/v28BAxdareQHxGUNTjeSAombEgk5KhltEsxwRcjgXFMKSM8T1A6SrAHqqn2i9nXNnC72tCJw==",
      "dependencies": {
        "@sinclair/typebox": "0.33.18",
        "deepmerge": "4.3.1",
        "nanoid": "3.3.6",
        "semver": "7.6.0",
        "tslib": "1.14.1"
      }
    },
    "node_modules/@sinclair/typebox": {
      "version": "0.33.18",
      "integrity": "sha512-DcxnW2yy08Gfkd7Igm9ccGpLwxrSpV/+svYjy8XAxc4nvj0YJVuVEXpUu+qmqV9Hb/UrJRrdMCPeYb9M+Ria4g==",
      "license": "MIT"
    },
    "node_modules/@types/node": {
      "version": "18.19.130",
      "integrity": "sha512-GRaXQx6jGfL8sKfaIDD6OupbIHBr9jv7Jnaml9tB7l4v068PAOXqfcujMMo5PhbIs6ggR1XODELqahT2R8v0fg==",
      "dev": true,
      "license": "MIT",
      "dependencies": {
        "undici-types": "~5.26.4"
      }
    },
    "node_modules/deepmerge": {
      "version": "4.3.1",
      "integrity": "sha512-3sUqbMEc77XqpdNO7FRyRog+eW3ph+GYCbj+rK+uYyRMuwsVy0rMiVtPn+QJlKFvWP/1PYpapqYn0Me2knFn+A==",
      "license": "MIT",
      "engines": {
        "node": ">=0.10.0"
      }
    },
    "node_modules/lru-cache": {
      "version": "6.0.0",
      "integrity": "sha512-Jo6dJ04CmSjuznwJSS3pUeWmd/H0ffTlkXXgwZi+eq1UCmqQwCh+eLsYOYCwY991i2Fah4h1BEMCx4qThGbsiA==",
      "license": "ISC",
      "dependencies": {
        "yallist": "^4.0.0"
      },
      "engines": {
        "node": ">=10"
      }
    },
    "node_modules/nanoid": {
      "version": "3.3.6",
      "integrity": "sha512-BGcqMMJuToF7i1rt+2PWSNVnWIkGCU78jBG3RxO/bZlnZPK2Cmi2QaffxGO/2RvWi9sL+FAiRiXMgsyxQ1DIDA==",
      "funding": [
        {
          "type": "github",
          "url": "https://github.com/sponsors/ai"
        }
      ],
      "license": "MIT",
      "bin": {
        "nanoid": "bin/nanoid.cjs"
      },
      "engines": {
        "node": "^10 || ^12 || ^13.7 || ^14 || >=15.0.1"
      }
    },
    "node_modules/semver": {
      "version": "7.6.0",
      "integrity": "sha512-EnwXhrlwXMk9gKu5/flx5sv/an57AkRplG3hTK68W7FRDN+k+OWBj65M7719OkA82XLBxrcX0KSHj+X5COhOVg==",
      "license": "ISC",
      "dependencies": {
        "lru-cache": "^6.0.0"
      },
      "bin": {
        "semver": "bin/semver.js"
      },
      "engines": {
        "node": ">=10"
      }
    },
    "node_modules/tslib": {
      "version": "1.14.1",
      "integrity": "sha512-Xni35NKzjgMrwevysHTCArtLDpPvye8zV/0E4EyYn43P7/7qvQwPh9BGkHewbMulVntbigmcT7rdX3BNo9wRJg==",
      "license": "0BSD"
    },
    "node_modules/typescript": {
      "version": "5.8.3",
      "integrity": "sha512-p1diW6TqL9L07nNxvRMM7hMMw4c5XOo/1ibL4aAIGmSAt9slTE1Xgw5KWuof2uTOvCg9BY7ZRi+GaF+7sfgPeQ==",
      "dev": true,
      "license": "Apache-2.0",
      "bin": {
        "tsc": "bin/tsc",
        "tsserver": "bin/tsserver"
      },
      "engines": {
        "node": ">=14.17"
      }
    },
    "node_modules/undici-types": {
      "version": "5.26.5",
      "integrity": "sha512-JlCMO+ehdEIKqlFxk6IfVoAUVmgz7cU7zD/h9XZ0qzeosSHmUJVOzSQvvYSYWXkFXC+IfLKSIffhv0sVZup6pA==",
      "dev": true,
      "license": "MIT"
    },
    "node_modules/yallist": {
      "version": "4.0.0",
      "integrity": "sha512-3wdGidZyq5PB084XLES5TpOSRA3wjXAlIWMhum2kRcv/41Sn2emQ0dycQW4uZXLejwKvg6EsvbdlVL+FYEct7A==",
      "license": "ISC"
    }
  }
}
